
Microsoft Visual Studio Solution File, Format Version 12.00
# Visual Studio Version 16
VisualStudioVersion = 16.0.30320.27
MinimumVisualStudioVersion = 10.0.40219.1
Project("{2150E333-8FDC-42A3-9474-1A3956D46DE8}") = "Basic", "Basic", "{85054AFE-9D4F-4B4E-BB34-DE907323239A}"
EndProject
Project("{2150E333-8FDC-42A3-9474-1A3956D46DE8}") = "Aggregates", "Aggregates", "{A0BBFBBD-0C7C-4CC5-AC85-5C647FBD45C6}"
EndProject
Project("{2150E333-8FDC-42A3-9474-1A3956D46DE8}") = "Caches", "Caches", "{E520E2D1-6899-4567-9E1B-63E27091D93C}"
EndProject
Project("{2150E333-8FDC-42A3-9474-1A3956D46DE8}") = "States", "States", "{1442DD6C-57D0-4DA4-B85F-8219CB411EB2}"
EndProject
Project("{9A19103F-16F7-4668-BE54-9A1E7A4F7556}") = "Basic.Counting", "Basic.Counting\Basic.Counting.csproj", "{E4D3A7F2-8839-4EF9-A20F-E95599B5837B}"
	ProjectSection(ProjectDependencies) = postProject
		{18FE7E39-74E0-408C-AE53-953FB3F33BB2} = {18FE7E39-74E0-408C-AE53-953FB3F33BB2}
	EndProjectSection
EndProject
Project("{9A19103F-16F7-4668-BE54-9A1E7A4F7556}") = "Basic.Summing", "Basic.Summing\Basic.Summing.csproj", "{0EF8E0A0-0431-44C8-ADCE-1EEB0B67D564}"
EndProject
Project("{9A19103F-16F7-4668-BE54-9A1E7A4F7556}") = "Basic.Product", "Basic.Product\Basic.Product.csproj", "{88D70EA2-462D-480C-9D9E-3277A247D81A}"
EndProject
Project("{9A19103F-16F7-4668-BE54-9A1E7A4F7556}") = "Basic.Division", "Basic.Division\Basic.Division.csproj", "{25CEBF5B-F5F3-4FCC-9ED5-C07A63740821}"
EndProject
Project("{9A19103F-16F7-4668-BE54-9A1E7A4F7556}") = "Basic.MaxValue", "Basic.MaxValue\Basic.MaxValue.csproj", "{390A8228-3BD4-440F-B81C-6FCBDBBFC20C}"
EndProject
Project("{9A19103F-16F7-4668-BE54-9A1E7A4F7556}") = "Basic.MinValue", "Basic.MinValue\Basic.MinValue.csproj", "{A5301B40-1361-47AA-9428-EB5D29AFA60D}"
EndProject
Project("{9A19103F-16F7-4668-BE54-9A1E7A4F7556}") = "Basic.Previous", "Basic.Previous\Basic.Previous.csproj", "{5CE512E4-CB42-4233-919A-1F5C762EB599}"
EndProject
Project("{9A19103F-16F7-4668-BE54-9A1E7A4F7556}") = "Basic.BooleanIndicator", "Basic.BooleanIndicator\Basic.BooleanIndicator.csproj", "{027F738E-AD93-409F-88B3-328B7CBE9F18}"
EndProject
Project("{9A19103F-16F7-4668-BE54-9A1E7A4F7556}") = "CSharp.Tests.Library", "CSharp.Tests.Library\CSharp.Tests.Library.csproj", "{18FE7E39-74E0-408C-AE53-953FB3F33BB2}"
EndProject
Project("{FAE04EC0-301F-11D3-BF4B-00C04F79EFBC}") = "Problems", "Problems\Problems.csproj", "{B48FE866-E851-4E0D-9E5F-FB3B67009803}"
EndProject
Global
	GlobalSection(SolutionConfigurationPlatforms) = preSolution
		Debug|Any CPU = Debug|Any CPU
		Release|Any CPU = Release|Any CPU
	EndGlobalSection
	GlobalSection(ProjectConfigurationPlatforms) = postSolution
		{E4D3A7F2-8839-4EF9-A20F-E95599B5837B}.Debug|Any CPU.ActiveCfg = Debug|Any CPU
		{E4D3A7F2-8839-4EF9-A20F-E95599B5837B}.Debug|Any CPU.Build.0 = Debug|Any CPU
		{E4D3A7F2-8839-4EF9-A20F-E95599B5837B}.Release|Any CPU.ActiveCfg = Release|Any CPU
		{E4D3A7F2-8839-4EF9-A20F-E95599B5837B}.Release|Any CPU.Build.0 = Release|Any CPU
		{0EF8E0A0-0431-44C8-ADCE-1EEB0B67D564}.Debug|Any CPU.ActiveCfg = Debug|Any CPU
		{0EF8E0A0-0431-44C8-ADCE-1EEB0B67D564}.Debug|Any CPU.Build.0 = Debug|Any CPU
		{0EF8E0A0-0431-44C8-ADCE-1EEB0B67D564}.Release|Any CPU.ActiveCfg = Release|Any CPU
		{0EF8E0A0-0431-44C8-ADCE-1EEB0B67D564}.Release|Any CPU.Build.0 = Release|Any CPU
		{88D70EA2-462D-480C-9D9E-3277A247D81A}.Debug|Any CPU.ActiveCfg = Debug|Any CPU
		{88D70EA2-462D-480C-9D9E-3277A247D81A}.Debug|Any CPU.Build.0 = Debug|Any CPU
		{88D70EA2-462D-480C-9D9E-3277A247D81A}.Release|Any CPU.ActiveCfg = Release|Any CPU
		{88D70EA2-462D-480C-9D9E-3277A247D81A}.Release|Any CPU.Build.0 = Release|Any CPU
		{25CEBF5B-F5F3-4FCC-9ED5-C07A63740821}.Debug|Any CPU.ActiveCfg = Debug|Any CPU
		{25CEBF5B-F5F3-4FCC-9ED5-C07A63740821}.Debug|Any CPU.Build.0 = Debug|Any CPU
		{25CEBF5B-F5F3-4FCC-9ED5-C07A63740821}.Release|Any CPU.ActiveCfg = Release|Any CPU
		{25CEBF5B-F5F3-4FCC-9ED5-C07A63740821}.Release|Any CPU.Build.0 = Release|Any CPU
		{390A8228-3BD4-440F-B81C-6FCBDBBFC20C}.Debug|Any CPU.ActiveCfg = Debug|Any CPU
		{390A8228-3BD4-440F-B81C-6FCBDBBFC20C}.Debug|Any CPU.Build.0 = Debug|Any CPU
		{390A8228-3BD4-440F-B81C-6FCBDBBFC20C}.Release|Any CPU.ActiveCfg = Release|Any CPU
		{390A8228-3BD4-440F-B81C-6FCBDBBFC20C}.Release|Any CPU.Build.0 = Release|Any CPU
		{A5301B40-1361-47AA-9428-EB5D29AFA60D}.Debug|Any CPU.ActiveCfg = Debug|Any CPU
		{A5301B40-1361-47AA-9428-EB5D29AFA60D}.Debug|Any CPU.Build.0 = Debug|Any CPU
		{A5301B40-1361-47AA-9428-EB5D29AFA60D}.Release|Any CPU.ActiveCfg = Release|Any CPU
		{A5301B40-1361-47AA-9428-EB5D29AFA60D}.Release|Any CPU.Build.0 = Release|Any CPU
		{5CE512E4-CB42-4233-919A-1F5C762EB599}.Debug|Any CPU.ActiveCfg = Debug|Any CPU
		{5CE512E4-CB42-4233-919A-1F5C762EB599}.Debug|Any CPU.Build.0 = Debug|Any CPU
		{5CE512E4-CB42-4233-919A-1F5C762EB599}.Release|Any CPU.ActiveCfg = Release|Any CPU
		{5CE512E4-CB42-4233-919A-1F5C762EB599}.Release|Any CPU.Build.0 = Release|Any CPU
		{027F738E-AD93-409F-88B3-328B7CBE9F18}.Debug|Any CPU.ActiveCfg = Debug|Any CPU
		{027F738E-AD93-409F-88B3-328B7CBE9F18}.Debug|Any CPU.Build.0 = Debug|Any CPU
		{027F738E-AD93-409F-88B3-328B7CBE9F18}.Release|Any CPU.ActiveCfg = Release|Any CPU
		{027F738E-AD93-409F-88B3-328B7CBE9F18}.Release|Any CPU.Build.0 = Release|Any CPU
		{18FE7E39-74E0-408C-AE53-953FB3F33BB2}.Debug|Any CPU.ActiveCfg = Debug|Any CPU
		{18FE7E39-74E0-408C-AE53-953FB3F33BB2}.Debug|Any CPU.Build.0 = Debug|Any CPU
		{18FE7E39-74E0-408C-AE53-953FB3F33BB2}.Release|Any CPU.ActiveCfg = Release|Any CPU
		{18FE7E39-74E0-408C-AE53-953FB3F33BB2}.Release|Any CPU.Build.0 = Release|Any CPU
		{B48FE866-E851-4E0D-9E5F-FB3B67009803}.Debug|Any CPU.ActiveCfg = Debug|Any CPU
		{B48FE866-E851-4E0D-9E5F-FB3B67009803}.Debug|Any CPU.Build.0 = Debug|Any CPU
		{B48FE866-E851-4E0D-9E5F-FB3B67009803}.Release|Any CPU.ActiveCfg = Release|Any CPU
		{B48FE866-E851-4E0D-9E5F-FB3B67009803}.Release|Any CPU.Build.0 = Release|Any CPU
	EndGlobalSection
	GlobalSection(SolutionProperties) = preSolution
		HideSolutionNode = FALSE
	EndGlobalSection
	GlobalSection(NestedProjects) = preSolution
		{A0BBFBBD-0C7C-4CC5-AC85-5C647FBD45C6} = {85054AFE-9D4F-4B4E-BB34-DE907323239A}
		{E520E2D1-6899-4567-9E1B-63E27091D93C} = {85054AFE-9D4F-4B4E-BB34-DE907323239A}
		{1442DD6C-57D0-4DA4-B85F-8219CB411EB2} = {85054AFE-9D4F-4B4E-BB34-DE907323239A}
		{E4D3A7F2-8839-4EF9-A20F-E95599B5837B} = {A0BBFBBD-0C7C-4CC5-AC85-5C647FBD45C6}
		{0EF8E0A0-0431-44C8-ADCE-1EEB0B67D564} = {A0BBFBBD-0C7C-4CC5-AC85-5C647FBD45C6}
		{88D70EA2-462D-480C-9D9E-3277A247D81A} = {A0BBFBBD-0C7C-4CC5-AC85-5C647FBD45C6}
		{25CEBF5B-F5F3-4FCC-9ED5-C07A63740821} = {A0BBFBBD-0C7C-4CC5-AC85-5C647FBD45C6}
		{390A8228-3BD4-440F-B81C-6FCBDBBFC20C} = {E520E2D1-6899-4567-9E1B-63E27091D93C}
		{A5301B40-1361-47AA-9428-EB5D29AFA60D} = {E520E2D1-6899-4567-9E1B-63E27091D93C}
		{5CE512E4-CB42-4233-919A-1F5C762EB599} = {E520E2D1-6899-4567-9E1B-63E27091D93C}
		{027F738E-AD93-409F-88B3-328B7CBE9F18} = {1442DD6C-57D0-4DA4-B85F-8219CB411EB2}
	EndGlobalSection
	GlobalSection(ExtensibilityGlobals) = postSolution
		SolutionGuid = {EC9F8A76-91AF-4055-97E6-90499313000B}
	EndGlobalSection
EndGlobal
